
Microsoft Visual Studio Solution File, Format Version 12.00
# Visual Studio Version 17
VisualStudioVersion = 17.2.32630.192
MinimumVisualStudioVersion = 10.0.40219.1
Project("{9A19103F-16F7-4668-BE54-9A1E7A4F7556}") = "Singleton", "Singleton\Singleton.csproj", "{EC0E22BB-B4A5-40F7-ACFB-E65375D37E0A}"
EndProject
Project("{9A19103F-16F7-4668-BE54-9A1E7A4F7556}") = "SimpleFactory", "SimpleFactory\SimpleFactory.csproj", "{B8A18626-EC43-41AF-8445-835C8E2ACC55}"
EndProject
Project("{9A19103F-16F7-4668-BE54-9A1E7A4F7556}") = "Abstraction", "Abstraction\Abstraction.csproj", "{482E08EE-54EF-4E1F-B7DD-D8F34BA1EB6D}"
EndProject
Project("{9A19103F-16F7-4668-BE54-9A1E7A4F7556}") = "SimpleFactory_Dates", "SimpleFactory_Dates\SimpleFactory_Dates.csproj", "{358C8248-22E8-4735-8A60-23B48CD1A808}"
EndProject
Project("{9A19103F-16F7-4668-BE54-9A1E7A4F7556}") = "BuilderPattern", "BuilderPattern\BuilderPattern.csproj", "{1836804C-7117-4E52-91D1-5CEAF99F0E37}"
EndProject
Project("{9A19103F-16F7-4668-BE54-9A1E7A4F7556}") = "BuilderPattern_Dates", "BuilderPattern_Dates\BuilderPattern_Dates.csproj", "{741F9941-CC1F-43EC-A701-7BE86EB00B3A}"
EndProject
Project("{9A19103F-16F7-4668-BE54-9A1E7A4F7556}") = "Creational.Factory", "Creational.Factory\Creational.Factory.csproj", "{F4F4F084-BFC3-44CB-AD9C-7727B53ECF07}"
EndProject
Project("{9A19103F-16F7-4668-BE54-9A1E7A4F7556}") = "Creational.FactoryMethod", "Creational.FactoryMethod\Creational.FactoryMethod.csproj", "{CCA64CA9-C9B9-4DFB-A390-4DE81625E2BA}"
EndProject
Project("{9A19103F-16F7-4668-BE54-9A1E7A4F7556}") = "Creational.AbstractFactory", "Creational.AbstractFactory\Creational.AbstractFactory.csproj", "{AC01571F-8644-45E5-A984-B197CD6F9CC9}"
EndProject
Global
	GlobalSection(SolutionConfigurationPlatforms) = preSolution
		Debug|Any CPU = Debug|Any CPU
		Release|Any CPU = Release|Any CPU
	EndGlobalSection
	GlobalSection(ProjectConfigurationPlatforms) = postSolution
		{EC0E22BB-B4A5-40F7-ACFB-E65375D37E0A}.Debug|Any CPU.ActiveCfg = Debug|Any CPU
		{EC0E22BB-B4A5-40F7-ACFB-E65375D37E0A}.Debug|Any CPU.Build.0 = Debug|Any CPU
		{EC0E22BB-B4A5-40F7-ACFB-E65375D37E0A}.Release|Any CPU.ActiveCfg = Release|Any CPU
		{EC0E22BB-B4A5-40F7-ACFB-E65375D37E0A}.Release|Any CPU.Build.0 = Release|Any CPU
		{B8A18626-EC43-41AF-8445-835C8E2ACC55}.Debug|Any CPU.ActiveCfg = Debug|Any CPU
		{B8A18626-EC43-41AF-8445-835C8E2ACC55}.Debug|Any CPU.Build.0 = Debug|Any CPU
		{B8A18626-EC43-41AF-8445-835C8E2ACC55}.Release|Any CPU.ActiveCfg = Release|Any CPU
		{B8A18626-EC43-41AF-8445-835C8E2ACC55}.Release|Any CPU.Build.0 = Release|Any CPU
		{482E08EE-54EF-4E1F-B7DD-D8F34BA1EB6D}.Debug|Any CPU.ActiveCfg = Debug|Any CPU
		{482E08EE-54EF-4E1F-B7DD-D8F34BA1EB6D}.Debug|Any CPU.Build.0 = Debug|Any CPU
		{482E08EE-54EF-4E1F-B7DD-D8F34BA1EB6D}.Release|Any CPU.ActiveCfg = Release|Any CPU
		{482E08EE-54EF-4E1F-B7DD-D8F34BA1EB6D}.Release|Any CPU.Build.0 = Release|Any CPU
		{358C8248-22E8-4735-8A60-23B48CD1A808}.Debug|Any CPU.ActiveCfg = Debug|Any CPU
		{358C8248-22E8-4735-8A60-23B48CD1A808}.Debug|Any CPU.Build.0 = Debug|Any CPU
		{358C8248-22E8-4735-8A60-23B48CD1A808}.Release|Any CPU.ActiveCfg = Release|Any CPU
		{358C8248-22E8-4735-8A60-23B48CD1A808}.Release|Any CPU.Build.0 = Release|Any CPU
		{1836804C-7117-4E52-91D1-5CEAF99F0E37}.Debug|Any CPU.ActiveCfg = Debug|Any CPU
		{1836804C-7117-4E52-91D1-5CEAF99F0E37}.Debug|Any CPU.Build.0 = Debug|Any CPU
		{1836804C-7117-4E52-91D1-5CEAF99F0E37}.Release|Any CPU.ActiveCfg = Release|Any CPU
		{1836804C-7117-4E52-91D1-5CEAF99F0E37}.Release|Any CPU.Build.0 = Release|Any CPU
		{741F9941-CC1F-43EC-A701-7BE86EB00B3A}.Debug|Any CPU.ActiveCfg = Debug|Any CPU
		{741F9941-CC1F-43EC-A701-7BE86EB00B3A}.Debug|Any CPU.Build.0 = Debug|Any CPU
		{741F9941-CC1F-43EC-A701-7BE86EB00B3A}.Release|Any CPU.ActiveCfg = Release|Any CPU
		{741F9941-CC1F-43EC-A701-7BE86EB00B3A}.Release|Any CPU.Build.0 = Release|Any CPU
		{F4F4F084-BFC3-44CB-AD9C-7727B53ECF07}.Debug|Any CPU.ActiveCfg = Debug|Any CPU
		{F4F4F084-BFC3-44CB-AD9C-7727B53ECF07}.Debug|Any CPU.Build.0 = Debug|Any CPU
		{F4F4F084-BFC3-44CB-AD9C-7727B53ECF07}.Release|Any CPU.ActiveCfg = Release|Any CPU
		{F4F4F084-BFC3-44CB-AD9C-7727B53ECF07}.Release|Any CPU.Build.0 = Release|Any CPU
		{CCA64CA9-C9B9-4DFB-A390-4DE81625E2BA}.Debug|Any CPU.ActiveCfg = Debug|Any CPU
		{CCA64CA9-C9B9-4DFB-A390-4DE81625E2BA}.Debug|Any CPU.Build.0 = Debug|Any CPU
		{CCA64CA9-C9B9-4DFB-A390-4DE81625E2BA}.Release|Any CPU.ActiveCfg = Release|Any CPU
		{CCA64CA9-C9B9-4DFB-A390-4DE81625E2BA}.Release|Any CPU.Build.0 = Release|Any CPU
		{AC01571F-8644-45E5-A984-B197CD6F9CC9}.Debug|Any CPU.ActiveCfg = Debug|Any CPU
		{AC01571F-8644-45E5-A984-B197CD6F9CC9}.Debug|Any CPU.Build.0 = Debug|Any CPU
		{AC01571F-8644-45E5-A984-B197CD6F9CC9}.Release|Any CPU.ActiveCfg = Release|Any CPU
		{AC01571F-8644-45E5-A984-B197CD6F9CC9}.Release|Any CPU.Build.0 = Release|Any CPU
	EndGlobalSection
	GlobalSection(SolutionProperties) = preSolution
		HideSolutionNode = FALSE
	EndGlobalSection
	GlobalSection(ExtensibilityGlobals) = postSolution
		SolutionGuid = {BBD2DFBB-E820-4920-BB9F-70D29AE82DA3}
	EndGlobalSection
EndGlobal
